{
  "name": "pccms_uni",
  "version": "1.0.0",
  "lockfileVersion": 1,
  "requires": true,
  "dependencies": {
    "@dcloudio/types": {
      "version": "2.1.2",
      "resolved": "https://registry.npmjs.org/@dcloudio/types/-/types-2.1.2.tgz",
      "integrity": "sha512-IzW7GCcllMsq0UZZKv2LJOEARXXCXKX4+4RtsORxEKsXs2QiA+wlhJ6XjcKK21ERjtFjME54Vw0n27b1HRP/oQ=="
    },
    "luch-request": {
      "version": "3.0.5",
      "resolved": "https://registry.npmjs.org/luch-request/-/luch-request-3.0.5.tgz",
      "integrity": "sha512-IpIET4O2BWtTsKw2Cjane0jppGbomQkoOAq5pIRbusqbEoqM968d0OI1jCzLKywgpmqfwx3/IPnH7Rnuv0TVtw==",
      "requires": {
        "@dcloudio/types": "^2.0.16"
      }
    },
    "uview-ui": {
      "version": "1.8.4",
      "resolved": "https://registry.npmjs.org/uview-ui/-/uview-ui-1.8.4.tgz",
      "integrity": "sha512-Zr+D5dFdNy6CdHQLBEXeGq/w0LkjxzBtsgaaDwLl0P58g67H7fBBDvy6AzWK/k0c7dwPYMBiK7I4Tr9p92+0DA=="
    }
  }
}
