{
  "requires": true,
  "lockfileVersion": 1,
  "dependencies": {
    "luch-request": {
      "version": "2.0.1",
      "resolved": "https://registry.npmjs.org/luch-request/-/luch-request-2.0.1.tgz",
      "integrity": "sha512-ytiNxPQ5oREu1dGSQYnq4vo7nqg2YBDymljVoFGmwtJMKEilsPqevcEc+DC/QPskRCgA1dpinjU0VD/4fjbv3g=="
    },
    "uview-ui": {
      "version": "1.2.8",
      "resolved": "https://registry.npmjs.org/uview-ui/-/uview-ui-1.2.8.tgz",
      "integrity": "sha512-GfEMUS8XfYR07iLpUUnDEMEb1EJOnLEuJ5ZH0DFGBjJnClz0R+v/SYfvW3XRZN9+a7PLc8rIwOj+DYkdj20VuQ=="
    }
  }
}
