{
  "requires": true,
  "lockfileVersion": 1,
  "dependencies": {
    "luch-request": {
      "version": "3.0.3",
      "resolved": "https://registry.npmjs.org/luch-request/-/luch-request-3.0.3.tgz",
      "integrity": "sha512-YOpgnlhH8SO5qV0EYjmB9LlkgNpZ3a0Sffh6kswdj7wQWcX3zkokQHmsj5+u5z7PzlsC/hEcusqYPyrMtu0tvw=="
    },
    "uview-ui": {
      "version": "1.4.1",
      "resolved": "https://registry.npmjs.org/uview-ui/-/uview-ui-1.4.1.tgz",
      "integrity": "sha512-4LYAfRzXDykWsQ+NYnCO53YpKtcaBIgASmi4lYPtlu7QRjMrd0TXEAJE0uaUyTTexzkfTGi/Lqt6Q3zy6mW8lg=="
    }
  }
}
